
Microsoft Visual Studio Solution File, Format Version 12.00
# Visual Studio Version 17
VisualStudioVersion = 17.3.32901.215
MinimumVisualStudioVersion = 10.0.40219.1
Project("{8BC9CEB8-8B4A-11D0-8D11-00A0C91BC942}") = "PowerObfuscatorGUI", "PowerObfuscatorGUI\src\PowerObfuscatorGUI.vcxproj", "{C59C4CDE-CF36-4453-903F-3657B83D95B4}"
	ProjectSection(ProjectDependencies) = postProject
		{52D64FD4-79E9-4466-8D01-3B7D6C5383BC} = {52D64FD4-79E9-4466-8D01-3B7D6C5383BC}
	EndProjectSection
EndProject
Project("{8BC9CEB8-8B4A-11D0-8D11-00A0C91BC942}") = "libPowerObfuscator", "libPowerObfuscator\src\libPowerObfuscator.vcxproj", "{71D35301-A6D2-4CE0-855C-BD7AE9D1D91C}"
EndProject
Project("{8BC9CEB8-8B4A-11D0-8D11-00A0C91BC942}") = "PowerObfuscatorSPRX", "PowerObfuscatorSPRX\src\PowerObfuscatorSPRX.vcxproj", "{52D64FD4-79E9-4466-8D01-3B7D6C5383BC}"
	ProjectSection(ProjectDependencies) = postProject
		{71D35301-A6D2-4CE0-855C-BD7AE9D1D91C} = {71D35301-A6D2-4CE0-855C-BD7AE9D1D91C}
	EndProjectSection
EndProject
Global
	GlobalSection(SolutionConfigurationPlatforms) = preSolution
		Debug|PS3 = Debug|PS3
		Debug|x64 = Debug|x64
		Release|PS3 = Release|PS3
		Release|x64 = Release|x64
	EndGlobalSection
	GlobalSection(ProjectConfigurationPlatforms) = postSolution
		{C59C4CDE-CF36-4453-903F-3657B83D95B4}.Debug|PS3.ActiveCfg = Debug|x64
		{C59C4CDE-CF36-4453-903F-3657B83D95B4}.Debug|PS3.Build.0 = Debug|x64
		{C59C4CDE-CF36-4453-903F-3657B83D95B4}.Debug|x64.ActiveCfg = Debug|x64
		{C59C4CDE-CF36-4453-903F-3657B83D95B4}.Debug|x64.Build.0 = Debug|x64
		{C59C4CDE-CF36-4453-903F-3657B83D95B4}.Release|PS3.ActiveCfg = Release|x64
		{C59C4CDE-CF36-4453-903F-3657B83D95B4}.Release|PS3.Build.0 = Release|x64
		{C59C4CDE-CF36-4453-903F-3657B83D95B4}.Release|x64.ActiveCfg = Release|x64
		{C59C4CDE-CF36-4453-903F-3657B83D95B4}.Release|x64.Build.0 = Release|x64
		{71D35301-A6D2-4CE0-855C-BD7AE9D1D91C}.Debug|PS3.ActiveCfg = Debug|PS3
		{71D35301-A6D2-4CE0-855C-BD7AE9D1D91C}.Debug|PS3.Build.0 = Debug|PS3
		{71D35301-A6D2-4CE0-855C-BD7AE9D1D91C}.Debug|x64.ActiveCfg = Debug|PS3
		{71D35301-A6D2-4CE0-855C-BD7AE9D1D91C}.Debug|x64.Build.0 = Debug|PS3
		{71D35301-A6D2-4CE0-855C-BD7AE9D1D91C}.Release|PS3.ActiveCfg = Release|PS3
		{71D35301-A6D2-4CE0-855C-BD7AE9D1D91C}.Release|PS3.Build.0 = Release|PS3
		{71D35301-A6D2-4CE0-855C-BD7AE9D1D91C}.Release|x64.ActiveCfg = Release|PS3
		{71D35301-A6D2-4CE0-855C-BD7AE9D1D91C}.Release|x64.Build.0 = Release|PS3
		{52D64FD4-79E9-4466-8D01-3B7D6C5383BC}.Debug|PS3.ActiveCfg = Debug|PS3
		{52D64FD4-79E9-4466-8D01-3B7D6C5383BC}.Debug|PS3.Build.0 = Debug|PS3
		{52D64FD4-79E9-4466-8D01-3B7D6C5383BC}.Debug|x64.ActiveCfg = Debug|PS3
		{52D64FD4-79E9-4466-8D01-3B7D6C5383BC}.Debug|x64.Build.0 = Debug|PS3
		{52D64FD4-79E9-4466-8D01-3B7D6C5383BC}.Release|PS3.ActiveCfg = Release|PS3
		{52D64FD4-79E9-4466-8D01-3B7D6C5383BC}.Release|PS3.Build.0 = Release|PS3
		{52D64FD4-79E9-4466-8D01-3B7D6C5383BC}.Release|x64.ActiveCfg = Release|PS3
		{52D64FD4-79E9-4466-8D01-3B7D6C5383BC}.Release|x64.Build.0 = Release|PS3
	EndGlobalSection
	GlobalSection(SolutionProperties) = preSolution
		HideSolutionNode = FALSE
	EndGlobalSection
	GlobalSection(ExtensibilityGlobals) = postSolution
		SolutionGuid = {C801C32B-CA2A-4320-B4AC-684B9C9B10EA}
	EndGlobalSection
EndGlobal
